
Microsoft Visual Studio Solution File, Format Version 12.00
# Visual Studio Version 17
VisualStudioVersion = 17.11.35327.3
MinimumVisualStudioVersion = 10.0.40219.1
Project("{FAE04EC0-301F-11D3-BF4B-00C04F79EFBC}") = "examples-cs", "examples-cs\examples-cs.csproj", "{342E8186-F1E3-4A31-B955-67163747894B}"
EndProject
Global
	GlobalSection(SolutionConfigurationPlatforms) = preSolution
		Debug|Any CPU = Debug|Any CPU
		Release|Any CPU = Release|Any CPU
	EndGlobalSection
	GlobalSection(ProjectConfigurationPlatforms) = postSolution
		{342E8186-F1E3-4A31-B955-67163747894B}.Debug|Any CPU.ActiveCfg = Debug|Any CPU
		{342E8186-F1E3-4A31-B955-67163747894B}.Debug|Any CPU.Build.0 = Debug|Any CPU
		{342E8186-F1E3-4A31-B955-67163747894B}.Release|Any CPU.ActiveCfg = Release|Any CPU
		{342E8186-F1E3-4A31-B955-67163747894B}.Release|Any CPU.Build.0 = Release|Any CPU
	EndGlobalSection
	GlobalSection(SolutionProperties) = preSolution
		HideSolutionNode = FALSE
	EndGlobalSection
	GlobalSection(ExtensibilityGlobals) = postSolution
		SolutionGuid = {4D0A2FD5-AF11-499F-B4AF-B533A9369A70}
	EndGlobalSection
EndGlobal
